
Microsoft Visual Studio Solution File, Format Version 12.00
# Visual Studio Version 16
VisualStudioVersion = 16.0.30413.136
MinimumVisualStudioVersion = 10.0.40219.1
Project("{9A19103F-16F7-4668-BE54-9A1E7A4F7556}") = "ReqResponse", "ReqResponse\ReqResponse.csproj", "{61130751-111A-4416-9798-D2CF9270498A}"
EndProject
Project("{9A19103F-16F7-4668-BE54-9A1E7A4F7556}") = "ReqResponse.Test", "ReqResponse.Test\ReqResponse.Test.csproj", "{1A16DF4B-D911-4249-8AAB-B5333BF2FF26}"
EndProject
Project("{9A19103F-16F7-4668-BE54-9A1E7A4F7556}") = "ReqResponse.Server", "ReqResponse.Server\ReqResponse.Server.csproj", "{D5D63EE6-9DA7-4C03-81EA-129E7774403D}"
EndProject
Project("{9A19103F-16F7-4668-BE54-9A1E7A4F7556}") = "ReqResponse.Blazor", "ReqResponse.Blazor\ReqResponse.Blazor.csproj", "{5CB1DC3F-E47F-468A-85D2-626168F22E3B}"
EndProject
Project("{00D1A9C2-B5F0-4AF3-8072-F6C62B433612}") = "Database1", "Database1\Database1.sqlproj", "{7E479BE1-031F-40C5-8571-99691F101956}"
EndProject
Project("{9A19103F-16F7-4668-BE54-9A1E7A4F7556}") = "ReqResponse.DataLayer", "ReqResponse.DataLayor\ReqResponse.DataLayer.csproj", "{E42AF9EC-F127-4955-A3E5-65A1AD2B5AC9}"
EndProject
Project("{9A19103F-16F7-4668-BE54-9A1E7A4F7556}") = "ReqResponse.Wpf", "ReqResponse.Wpf\ReqResponse.Wpf.csproj", "{28A5654F-970B-4B3F-8EEA-B6B9BDC9D104}"
EndProject
Project("{9A19103F-16F7-4668-BE54-9A1E7A4F7556}") = "ReqResponse.Middleware", "ReqResponse.Middleware\ReqResponse.Middleware.csproj", "{0A5EBBDE-3774-4B09-8D34-877C5F2834B8}"
EndProject
Project("{9A19103F-16F7-4668-BE54-9A1E7A4F7556}") = "ReqResponse.Command", "ReqResponse.Command\ReqResponse.Command.csproj", "{5AE6825C-9416-4CEC-913B-4E8354E091CB}"
EndProject
Project("{9A19103F-16F7-4668-BE54-9A1E7A4F7556}") = "ReqResponseWasm.Server", "ReqResponseWasm\Server\ReqResponseWasm.Server.csproj", "{3C0EB4C9-A357-4933-BA2E-49EAAFF79363}"
EndProject
Project("{9A19103F-16F7-4668-BE54-9A1E7A4F7556}") = "ReqResponseWasm.Client", "ReqResponseWasm\Client\ReqResponseWasm.Client.csproj", "{A81B52C3-D7A9-43FA-B406-22B35F3EE78F}"
EndProject
Project("{FAE04EC0-301F-11D3-BF4B-00C04F79EFBC}") = "ReqResponse.BackupServer", "ReqResponse.BackupServer\ReqResponse.BackupServer.csproj", "{50ADA15A-FE87-4E42-BA4F-984D819A9CBA}"
EndProject
Global
	GlobalSection(SolutionConfigurationPlatforms) = preSolution
		Debug|Any CPU = Debug|Any CPU
		Release|Any CPU = Release|Any CPU
	EndGlobalSection
	GlobalSection(ProjectConfigurationPlatforms) = postSolution
		{61130751-111A-4416-9798-D2CF9270498A}.Debug|Any CPU.ActiveCfg = Debug|Any CPU
		{61130751-111A-4416-9798-D2CF9270498A}.Debug|Any CPU.Build.0 = Debug|Any CPU
		{61130751-111A-4416-9798-D2CF9270498A}.Release|Any CPU.ActiveCfg = Release|Any CPU
		{61130751-111A-4416-9798-D2CF9270498A}.Release|Any CPU.Build.0 = Release|Any CPU
		{1A16DF4B-D911-4249-8AAB-B5333BF2FF26}.Debug|Any CPU.ActiveCfg = Debug|Any CPU
		{1A16DF4B-D911-4249-8AAB-B5333BF2FF26}.Debug|Any CPU.Build.0 = Debug|Any CPU
		{1A16DF4B-D911-4249-8AAB-B5333BF2FF26}.Release|Any CPU.ActiveCfg = Release|Any CPU
		{1A16DF4B-D911-4249-8AAB-B5333BF2FF26}.Release|Any CPU.Build.0 = Release|Any CPU
		{D5D63EE6-9DA7-4C03-81EA-129E7774403D}.Debug|Any CPU.ActiveCfg = Debug|Any CPU
		{D5D63EE6-9DA7-4C03-81EA-129E7774403D}.Debug|Any CPU.Build.0 = Debug|Any CPU
		{D5D63EE6-9DA7-4C03-81EA-129E7774403D}.Release|Any CPU.ActiveCfg = Release|Any CPU
		{D5D63EE6-9DA7-4C03-81EA-129E7774403D}.Release|Any CPU.Build.0 = Release|Any CPU
		{5CB1DC3F-E47F-468A-85D2-626168F22E3B}.Debug|Any CPU.ActiveCfg = Debug|Any CPU
		{5CB1DC3F-E47F-468A-85D2-626168F22E3B}.Debug|Any CPU.Build.0 = Debug|Any CPU
		{5CB1DC3F-E47F-468A-85D2-626168F22E3B}.Release|Any CPU.ActiveCfg = Release|Any CPU
		{5CB1DC3F-E47F-468A-85D2-626168F22E3B}.Release|Any CPU.Build.0 = Release|Any CPU
		{7E479BE1-031F-40C5-8571-99691F101956}.Debug|Any CPU.ActiveCfg = Debug|Any CPU
		{7E479BE1-031F-40C5-8571-99691F101956}.Debug|Any CPU.Build.0 = Debug|Any CPU
		{7E479BE1-031F-40C5-8571-99691F101956}.Debug|Any CPU.Deploy.0 = Debug|Any CPU
		{7E479BE1-031F-40C5-8571-99691F101956}.Release|Any CPU.ActiveCfg = Release|Any CPU
		{7E479BE1-031F-40C5-8571-99691F101956}.Release|Any CPU.Build.0 = Release|Any CPU
		{7E479BE1-031F-40C5-8571-99691F101956}.Release|Any CPU.Deploy.0 = Release|Any CPU
		{E42AF9EC-F127-4955-A3E5-65A1AD2B5AC9}.Debug|Any CPU.ActiveCfg = Debug|Any CPU
		{E42AF9EC-F127-4955-A3E5-65A1AD2B5AC9}.Debug|Any CPU.Build.0 = Debug|Any CPU
		{E42AF9EC-F127-4955-A3E5-65A1AD2B5AC9}.Release|Any CPU.ActiveCfg = Release|Any CPU
		{E42AF9EC-F127-4955-A3E5-65A1AD2B5AC9}.Release|Any CPU.Build.0 = Release|Any CPU
		{28A5654F-970B-4B3F-8EEA-B6B9BDC9D104}.Debug|Any CPU.ActiveCfg = Debug|Any CPU
		{28A5654F-970B-4B3F-8EEA-B6B9BDC9D104}.Debug|Any CPU.Build.0 = Debug|Any CPU
		{28A5654F-970B-4B3F-8EEA-B6B9BDC9D104}.Release|Any CPU.ActiveCfg = Release|Any CPU
		{28A5654F-970B-4B3F-8EEA-B6B9BDC9D104}.Release|Any CPU.Build.0 = Release|Any CPU
		{0A5EBBDE-3774-4B09-8D34-877C5F2834B8}.Debug|Any CPU.ActiveCfg = Debug|Any CPU
		{0A5EBBDE-3774-4B09-8D34-877C5F2834B8}.Debug|Any CPU.Build.0 = Debug|Any CPU
		{0A5EBBDE-3774-4B09-8D34-877C5F2834B8}.Release|Any CPU.ActiveCfg = Release|Any CPU
		{0A5EBBDE-3774-4B09-8D34-877C5F2834B8}.Release|Any CPU.Build.0 = Release|Any CPU
		{5AE6825C-9416-4CEC-913B-4E8354E091CB}.Debug|Any CPU.ActiveCfg = Debug|Any CPU
		{5AE6825C-9416-4CEC-913B-4E8354E091CB}.Debug|Any CPU.Build.0 = Debug|Any CPU
		{5AE6825C-9416-4CEC-913B-4E8354E091CB}.Release|Any CPU.ActiveCfg = Release|Any CPU
		{5AE6825C-9416-4CEC-913B-4E8354E091CB}.Release|Any CPU.Build.0 = Release|Any CPU
		{3C0EB4C9-A357-4933-BA2E-49EAAFF79363}.Debug|Any CPU.ActiveCfg = Debug|Any CPU
		{3C0EB4C9-A357-4933-BA2E-49EAAFF79363}.Debug|Any CPU.Build.0 = Debug|Any CPU
		{3C0EB4C9-A357-4933-BA2E-49EAAFF79363}.Release|Any CPU.ActiveCfg = Release|Any CPU
		{3C0EB4C9-A357-4933-BA2E-49EAAFF79363}.Release|Any CPU.Build.0 = Release|Any CPU
		{A81B52C3-D7A9-43FA-B406-22B35F3EE78F}.Debug|Any CPU.ActiveCfg = Debug|Any CPU
		{A81B52C3-D7A9-43FA-B406-22B35F3EE78F}.Debug|Any CPU.Build.0 = Debug|Any CPU
		{A81B52C3-D7A9-43FA-B406-22B35F3EE78F}.Release|Any CPU.ActiveCfg = Release|Any CPU
		{A81B52C3-D7A9-43FA-B406-22B35F3EE78F}.Release|Any CPU.Build.0 = Release|Any CPU
		{50ADA15A-FE87-4E42-BA4F-984D819A9CBA}.Debug|Any CPU.ActiveCfg = Debug|Any CPU
		{50ADA15A-FE87-4E42-BA4F-984D819A9CBA}.Debug|Any CPU.Build.0 = Debug|Any CPU
		{50ADA15A-FE87-4E42-BA4F-984D819A9CBA}.Release|Any CPU.ActiveCfg = Release|Any CPU
		{50ADA15A-FE87-4E42-BA4F-984D819A9CBA}.Release|Any CPU.Build.0 = Release|Any CPU
	EndGlobalSection
	GlobalSection(SolutionProperties) = preSolution
		HideSolutionNode = FALSE
	EndGlobalSection
	GlobalSection(ExtensibilityGlobals) = postSolution
		SolutionGuid = {778A9685-A8E8-4278-882B-8C771BF52EDF}
	EndGlobalSection
EndGlobal
